
Microsoft Visual Studio Solution File, Format Version 12.00
# Visual Studio Version 17
VisualStudioVersion = 17.1.32414.318
MinimumVisualStudioVersion = 10.0.40219.1
Project("{FAE04EC0-301F-11D3-BF4B-00C04F79EFBC}") = "JoinLINQ", "JoinLINQ\JoinLINQ.csproj", "{C8C930F0-3B34-4F7A-8911-C4E1A59874CB}"
EndProject
Global
	GlobalSection(SolutionConfigurationPlatforms) = preSolution
		Debug|Any CPU = Debug|Any CPU
		Release|Any CPU = Release|Any CPU
	EndGlobalSection
	GlobalSection(ProjectConfigurationPlatforms) = postSolution
		{C8C930F0-3B34-4F7A-8911-C4E1A59874CB}.Debug|Any CPU.ActiveCfg = Debug|Any CPU
		{C8C930F0-3B34-4F7A-8911-C4E1A59874CB}.Debug|Any CPU.Build.0 = Debug|Any CPU
		{C8C930F0-3B34-4F7A-8911-C4E1A59874CB}.Release|Any CPU.ActiveCfg = Release|Any CPU
		{C8C930F0-3B34-4F7A-8911-C4E1A59874CB}.Release|Any CPU.Build.0 = Release|Any CPU
	EndGlobalSection
	GlobalSection(SolutionProperties) = preSolution
		HideSolutionNode = FALSE
	EndGlobalSection
	GlobalSection(ExtensibilityGlobals) = postSolution
		SolutionGuid = {D7D9D2CC-3310-42E7-97D0-9E6FF79CE8AD}
	EndGlobalSection
EndGlobal
