
Microsoft Visual Studio Solution File, Format Version 12.00
# Visual Studio Version 17
VisualStudioVersion = 17.1.32414.318
MinimumVisualStudioVersion = 10.0.40219.1
Project("{FAE04EC0-301F-11D3-BF4B-00C04F79EFBC}") = "Api", "Api\Api.csproj", "{ED914908-701A-4873-9B0F-E362C2AEB0ED}"
EndProject
Project("{FAE04EC0-301F-11D3-BF4B-00C04F79EFBC}") = "Modelo", "Modelo\Modelo.csproj", "{A0457467-2456-49AD-85E8-C55015FCD661}"
EndProject
Project("{FAE04EC0-301F-11D3-BF4B-00C04F79EFBC}") = "Servicio", "Servicio\Servicio.csproj", "{9E7C5C19-B4A8-49C8-A593-99FE483082A4}"
EndProject
Global
	GlobalSection(SolutionConfigurationPlatforms) = preSolution
		Debug|Any CPU = Debug|Any CPU
		Release|Any CPU = Release|Any CPU
	EndGlobalSection
	GlobalSection(ProjectConfigurationPlatforms) = postSolution
		{ED914908-701A-4873-9B0F-E362C2AEB0ED}.Debug|Any CPU.ActiveCfg = Debug|Any CPU
		{ED914908-701A-4873-9B0F-E362C2AEB0ED}.Debug|Any CPU.Build.0 = Debug|Any CPU
		{ED914908-701A-4873-9B0F-E362C2AEB0ED}.Release|Any CPU.ActiveCfg = Release|Any CPU
		{ED914908-701A-4873-9B0F-E362C2AEB0ED}.Release|Any CPU.Build.0 = Release|Any CPU
		{A0457467-2456-49AD-85E8-C55015FCD661}.Debug|Any CPU.ActiveCfg = Debug|Any CPU
		{A0457467-2456-49AD-85E8-C55015FCD661}.Debug|Any CPU.Build.0 = Debug|Any CPU
		{A0457467-2456-49AD-85E8-C55015FCD661}.Release|Any CPU.ActiveCfg = Release|Any CPU
		{A0457467-2456-49AD-85E8-C55015FCD661}.Release|Any CPU.Build.0 = Release|Any CPU
		{9E7C5C19-B4A8-49C8-A593-99FE483082A4}.Debug|Any CPU.ActiveCfg = Debug|Any CPU
		{9E7C5C19-B4A8-49C8-A593-99FE483082A4}.Debug|Any CPU.Build.0 = Debug|Any CPU
		{9E7C5C19-B4A8-49C8-A593-99FE483082A4}.Release|Any CPU.ActiveCfg = Release|Any CPU
		{9E7C5C19-B4A8-49C8-A593-99FE483082A4}.Release|Any CPU.Build.0 = Release|Any CPU
	EndGlobalSection
	GlobalSection(SolutionProperties) = preSolution
		HideSolutionNode = FALSE
	EndGlobalSection
	GlobalSection(ExtensibilityGlobals) = postSolution
		SolutionGuid = {F4C1F245-03D5-4F06-BD03-F65E22C075EE}
	EndGlobalSection
EndGlobal
