
Microsoft Visual Studio Solution File, Format Version 12.00
# Visual Studio Version 17
VisualStudioVersion = 17.1.32414.318
MinimumVisualStudioVersion = 10.0.40219.1
Project("{9A19103F-16F7-4668-BE54-9A1E7A4F7556}") = "Api", "Api\Api.csproj", "{DD3987BB-380F-4D32-8957-5E7B61589975}"
EndProject
Project("{9A19103F-16F7-4668-BE54-9A1E7A4F7556}") = "Model", "Model\Model.csproj", "{CC280526-2D09-4A37-990B-4FD394C27BAE}"
EndProject
Project("{9A19103F-16F7-4668-BE54-9A1E7A4F7556}") = "Service", "Service\Service.csproj", "{6D88466A-CC6D-4551-AE19-4AA8752854C3}"
EndProject
Global
	GlobalSection(SolutionConfigurationPlatforms) = preSolution
		Debug|Any CPU = Debug|Any CPU
		Release|Any CPU = Release|Any CPU
	EndGlobalSection
	GlobalSection(ProjectConfigurationPlatforms) = postSolution
		{DD3987BB-380F-4D32-8957-5E7B61589975}.Debug|Any CPU.ActiveCfg = Debug|Any CPU
		{DD3987BB-380F-4D32-8957-5E7B61589975}.Debug|Any CPU.Build.0 = Debug|Any CPU
		{DD3987BB-380F-4D32-8957-5E7B61589975}.Release|Any CPU.ActiveCfg = Release|Any CPU
		{DD3987BB-380F-4D32-8957-5E7B61589975}.Release|Any CPU.Build.0 = Release|Any CPU
		{CC280526-2D09-4A37-990B-4FD394C27BAE}.Debug|Any CPU.ActiveCfg = Debug|Any CPU
		{CC280526-2D09-4A37-990B-4FD394C27BAE}.Debug|Any CPU.Build.0 = Debug|Any CPU
		{CC280526-2D09-4A37-990B-4FD394C27BAE}.Release|Any CPU.ActiveCfg = Release|Any CPU
		{CC280526-2D09-4A37-990B-4FD394C27BAE}.Release|Any CPU.Build.0 = Release|Any CPU
		{6D88466A-CC6D-4551-AE19-4AA8752854C3}.Debug|Any CPU.ActiveCfg = Debug|Any CPU
		{6D88466A-CC6D-4551-AE19-4AA8752854C3}.Debug|Any CPU.Build.0 = Debug|Any CPU
		{6D88466A-CC6D-4551-AE19-4AA8752854C3}.Release|Any CPU.ActiveCfg = Release|Any CPU
		{6D88466A-CC6D-4551-AE19-4AA8752854C3}.Release|Any CPU.Build.0 = Release|Any CPU
	EndGlobalSection
	GlobalSection(SolutionProperties) = preSolution
		HideSolutionNode = FALSE
	EndGlobalSection
	GlobalSection(ExtensibilityGlobals) = postSolution
		SolutionGuid = {9A663E60-B4A2-4B11-83B8-C46A0B7B725A}
	EndGlobalSection
EndGlobal
